
Microsoft Visual Studio Solution File, Format Version 12.00
# Visual Studio Version 16
VisualStudioVersion = 16.0.30503.244
MinimumVisualStudioVersion = 10.0.40219.1
Project("{FAE04EC0-301F-11D3-BF4B-00C04F79EFBC}") = "PatronFacade", "PatronFacade.csproj", "{F58115C3-64FC-425D-85FC-34E0505054E4}"
EndProject
Global
	GlobalSection(SolutionConfigurationPlatforms) = preSolution
		Debug|Any CPU = Debug|Any CPU
		Release|Any CPU = Release|Any CPU
	EndGlobalSection
	GlobalSection(ProjectConfigurationPlatforms) = postSolution
		{F58115C3-64FC-425D-85FC-34E0505054E4}.Debug|Any CPU.ActiveCfg = Debug|Any CPU
		{F58115C3-64FC-425D-85FC-34E0505054E4}.Debug|Any CPU.Build.0 = Debug|Any CPU
		{F58115C3-64FC-425D-85FC-34E0505054E4}.Release|Any CPU.ActiveCfg = Release|Any CPU
		{F58115C3-64FC-425D-85FC-34E0505054E4}.Release|Any CPU.Build.0 = Release|Any CPU
	EndGlobalSection
	GlobalSection(SolutionProperties) = preSolution
		HideSolutionNode = FALSE
	EndGlobalSection
	GlobalSection(ExtensibilityGlobals) = postSolution
		SolutionGuid = {35E320A3-4E31-46F7-B8F9-E5ECAD490DF4}
	EndGlobalSection
EndGlobal
